// !$*UTF8*$!
{
	archiveVersion = 1;
	classes = {
	};
	objectVersion = 56;
	objects = {

/* Begin PBXBuildFile section */
		C665866729959F6300FC133D /* AppDelegate.swift in Sources */ = {isa = PBXBuildFile; fileRef = C665866629959F6300FC133D /* AppDelegate.swift */; };
		C665866929959F6300FC133D /* SceneDelegate.swift in Sources */ = {isa = PBXBuildFile; fileRef = C665866829959F6300FC133D /* SceneDelegate.swift */; };
		C665866B29959F6300FC133D /* ViewController.swift in Sources */ = {isa = PBXBuildFile; fileRef = C665866A29959F6300FC133D /* ViewController.swift */; };
		C665866E29959F6300FC133D /* Main.storyboard in Resources */ = {isa = PBXBuildFile; fileRef = C665866C29959F6300FC133D /* Main.storyboard */; };
		C665867029959F6600FC133D /* Assets.xcassets in Resources */ = {isa = PBXBuildFile; fileRef = C665866F29959F6600FC133D /* Assets.xcassets */; };
		C665867329959F6600FC133D /* LaunchScreen.storyboard in Resources */ = {isa = PBXBuildFile; fileRef = C665867129959F6600FC133D /* LaunchScreen.storyboard */; };
		C665867E29959F6600FC133D /* KidenvTests.swift in Sources */ = {isa = PBXBuildFile; fileRef = C665867D29959F6600FC133D /* KidenvTests.swift */; };
		C665868829959F6600FC133D /* KidenvUITests.swift in Sources */ = {isa = PBXBuildFile; fileRef = C665868729959F6600FC133D /* KidenvUITests.swift */; };
		C665868A29959F6600FC133D /* KidenvUITestsLaunchTests.swift in Sources */ = {isa = PBXBuildFile; fileRef = C665868929959F6600FC133D /* KidenvUITestsLaunchTests.swift */; };
		C665869C2995A1D100FC133D /* HomeController.swift in Sources */ = {isa = PBXBuildFile; fileRef = C66586992995A1D000FC133D /* HomeController.swift */; };
		C665869D2995A1D100FC133D /* HomeCollectionExt.swift in Sources */ = {isa = PBXBuildFile; fileRef = C665869A2995A1D000FC133D /* HomeCollectionExt.swift */; };
		C665869E2995A1D100FC133D /* HomeFunctionsExt.swift in Sources */ = {isa = PBXBuildFile; fileRef = C665869B2995A1D100FC133D /* HomeFunctionsExt.swift */; };
		C66586A12995A21F00FC133D /* GlobalStrings.swift in Sources */ = {isa = PBXBuildFile; fileRef = C66586A02995A21F00FC133D /* GlobalStrings.swift */; };
		C66586A42995A26B00FC133D /* AppConfig.swift in Sources */ = {isa = PBXBuildFile; fileRef = C66586A32995A26B00FC133D /* AppConfig.swift */; };
		C66586A72995A3C200FC133D /* MenuElementCell.swift in Sources */ = {isa = PBXBuildFile; fileRef = C66586A62995A3C200FC133D /* MenuElementCell.swift */; };
		C66586AE2995A56100FC133D /* UIButton.swift in Sources */ = {isa = PBXBuildFile; fileRef = C66586A92995A56000FC133D /* UIButton.swift */; };
		C66586AF2995A56100FC133D /* UIImage.swift in Sources */ = {isa = PBXBuildFile; fileRef = C66586AA2995A56100FC133D /* UIImage.swift */; };
		C66586B02995A56100FC133D /* UIImageView.swift in Sources */ = {isa = PBXBuildFile; fileRef = C66586AB2995A56100FC133D /* UIImageView.swift */; };
		C66586B12995A56100FC133D /* UIView.swift in Sources */ = {isa = PBXBuildFile; fileRef = C66586AC2995A56100FC133D /* UIView.swift */; };
		C66586B22995A56100FC133D /* UIViewController.swift in Sources */ = {isa = PBXBuildFile; fileRef = C66586AD2995A56100FC133D /* UIViewController.swift */; };
		C66586B72995A59800FC133D /* Assets.xcassets in Resources */ = {isa = PBXBuildFile; fileRef = C66586B42995A59700FC133D /* Assets.xcassets */; };
		C66586B82995A59800FC133D /* Wallpapers.xcassets in Resources */ = {isa = PBXBuildFile; fileRef = C66586B52995A59800FC133D /* Wallpapers.xcassets */; };
		C66586B92995A59800FC133D /* TutorialAssets.xcassets in Resources */ = {isa = PBXBuildFile; fileRef = C66586B62995A59800FC133D /* TutorialAssets.xcassets */; };
		C66586BE2995A61400FC133D /* WallpaperViewController.swift in Sources */ = {isa = PBXBuildFile; fileRef = C66586BC2995A61400FC133D /* WallpaperViewController.swift */; };
		C66586BF2995A61400FC133D /* Wallpaper.storyboard in Resources */ = {isa = PBXBuildFile; fileRef = C66586BD2995A61400FC133D /* Wallpaper.storyboard */; };
		C66586C22995A66800FC133D /* TutorialViewController.swift in Sources */ = {isa = PBXBuildFile; fileRef = C66586C12995A66700FC133D /* TutorialViewController.swift */; };
		C66586CA2995A6BB00FC133D /* PhotoShowDelegateExt.swift in Sources */ = {isa = PBXBuildFile; fileRef = C66586C62995A6BA00FC133D /* PhotoShowDelegateExt.swift */; };
		C66586CB2995A6BB00FC133D /* PhotoShow.storyboard in Resources */ = {isa = PBXBuildFile; fileRef = C66586C72995A6BA00FC133D /* PhotoShow.storyboard */; };
		C66586CC2995A6BB00FC133D /* PhotoShowController.swift in Sources */ = {isa = PBXBuildFile; fileRef = C66586C82995A6BA00FC133D /* PhotoShowController.swift */; };
		C66586CD2995A6BB00FC133D /* PhotoPreviewController.swift in Sources */ = {isa = PBXBuildFile; fileRef = C66586C92995A6BB00FC133D /* PhotoPreviewController.swift */; };
		C66586D32995A70900FC133D /* PhotoShot.storyboard in Resources */ = {isa = PBXBuildFile; fileRef = C66586D02995A70800FC133D /* PhotoShot.storyboard */; };
		C66586D42995A70900FC133D /* PhotoShotDelegateExt.swift in Sources */ = {isa = PBXBuildFile; fileRef = C66586D12995A70800FC133D /* PhotoShotDelegateExt.swift */; };
		C66586D52995A70900FC133D /* PhotoShotController.swift in Sources */ = {isa = PBXBuildFile; fileRef = C66586D22995A70900FC133D /* PhotoShotController.swift */; };
/* End PBXBuildFile section */

/* Begin PBXContainerItemProxy section */
		C665867A29959F6600FC133D /* PBXContainerItemProxy */ = {
			isa = PBXContainerItemProxy;
			containerPortal = C665865B29959F6300FC133D /* Project object */;
			proxyType = 1;
			remoteGlobalIDString = C665866229959F6300FC133D;
			remoteInfo = Kidenv;
		};
		C665868429959F6600FC133D /* PBXContainerItemProxy */ = {
			isa = PBXContainerItemProxy;
			containerPortal = C665865B29959F6300FC133D /* Project object */;
			proxyType = 1;
			remoteGlobalIDString = C665866229959F6300FC133D;
			remoteInfo = Kidenv;
		};
/* End PBXContainerItemProxy section */

/* Begin PBXFileReference section */
		C665866329959F6300FC133D /* Kidenv.app */ = {isa = PBXFileReference; explicitFileType = wrapper.application; includeInIndex = 0; path = Kidenv.app; sourceTree = BUILT_PRODUCTS_DIR; };
		C665866629959F6300FC133D /* AppDelegate.swift */ = {isa = PBXFileReference; lastKnownFileType = sourcecode.swift; path = AppDelegate.swift; sourceTree = "<group>"; };
		C665866829959F6300FC133D /* SceneDelegate.swift */ = {isa = PBXFileReference; lastKnownFileType = sourcecode.swift; path = SceneDelegate.swift; sourceTree = "<group>"; };
		C665866A29959F6300FC133D /* ViewController.swift */ = {isa = PBXFileReference; lastKnownFileType = sourcecode.swift; path = ViewController.swift; sourceTree = "<group>"; };
		C665866D29959F6300FC133D /* Base */ = {isa = PBXFileReference; lastKnownFileType = file.storyboard; name = Base; path = Base.lproj/Main.storyboard; sourceTree = "<group>"; };
		C665866F29959F6600FC133D /* Assets.xcassets */ = {isa = PBXFileReference; lastKnownFileType = folder.assetcatalog; path = Assets.xcassets; sourceTree = "<group>"; };
		C665867229959F6600FC133D /* Base */ = {isa = PBXFileReference; lastKnownFileType = file.storyboard; name = Base; path = Base.lproj/LaunchScreen.storyboard; sourceTree = "<group>"; };
		C665867429959F6600FC133D /* Info.plist */ = {isa = PBXFileReference; lastKnownFileType = text.plist.xml; path = Info.plist; sourceTree = "<group>"; };
		C665867929959F6600FC133D /* KidenvTests.xctest */ = {isa = PBXFileReference; explicitFileType = wrapper.cfbundle; includeInIndex = 0; path = KidenvTests.xctest; sourceTree = BUILT_PRODUCTS_DIR; };
		C665867D29959F6600FC133D /* KidenvTests.swift */ = {isa = PBXFileReference; lastKnownFileType = sourcecode.swift; path = KidenvTests.swift; sourceTree = "<group>"; };
		C665868329959F6600FC133D /* KidenvUITests.xctest */ = {isa = PBXFileReference; explicitFileType = wrapper.cfbundle; includeInIndex = 0; path = KidenvUITests.xctest; sourceTree = BUILT_PRODUCTS_DIR; };
		C665868729959F6600FC133D /* KidenvUITests.swift */ = {isa = PBXFileReference; lastKnownFileType = sourcecode.swift; path = KidenvUITests.swift; sourceTree = "<group>"; };
		C665868929959F6600FC133D /* KidenvUITestsLaunchTests.swift */ = {isa = PBXFileReference; lastKnownFileType = sourcecode.swift; path = KidenvUITestsLaunchTests.swift; sourceTree = "<group>"; };
		C66586992995A1D000FC133D /* HomeController.swift */ = {isa = PBXFileReference; fileEncoding = 4; lastKnownFileType = sourcecode.swift; path = HomeController.swift; sourceTree = "<group>"; };
		C665869A2995A1D000FC133D /* HomeCollectionExt.swift */ = {isa = PBXFileReference; fileEncoding = 4; lastKnownFileType = sourcecode.swift; path = HomeCollectionExt.swift; sourceTree = "<group>"; };
		C665869B2995A1D100FC133D /* HomeFunctionsExt.swift */ = {isa = PBXFileReference; fileEncoding = 4; lastKnownFileType = sourcecode.swift; path = HomeFunctionsExt.swift; sourceTree = "<group>"; };
		C66586A02995A21F00FC133D /* GlobalStrings.swift */ = {isa = PBXFileReference; fileEncoding = 4; lastKnownFileType = sourcecode.swift; path = GlobalStrings.swift; sourceTree = "<group>"; };
		C66586A32995A26B00FC133D /* AppConfig.swift */ = {isa = PBXFileReference; fileEncoding = 4; lastKnownFileType = sourcecode.swift; path = AppConfig.swift; sourceTree = "<group>"; };
		C66586A62995A3C200FC133D /* MenuElementCell.swift */ = {isa = PBXFileReference; fileEncoding = 4; lastKnownFileType = sourcecode.swift; path = MenuElementCell.swift; sourceTree = "<group>"; };
		C66586A92995A56000FC133D /* UIButton.swift */ = {isa = PBXFileReference; fileEncoding = 4; lastKnownFileType = sourcecode.swift; path = UIButton.swift; sourceTree = "<group>"; };
		C66586AA2995A56100FC133D /* UIImage.swift */ = {isa = PBXFileReference; fileEncoding = 4; lastKnownFileType = sourcecode.swift; path = UIImage.swift; sourceTree = "<group>"; };
		C66586AB2995A56100FC133D /* UIImageView.swift */ = {isa = PBXFileReference; fileEncoding = 4; lastKnownFileType = sourcecode.swift; path = UIImageView.swift; sourceTree = "<group>"; };
		C66586AC2995A56100FC133D /* UIView.swift */ = {isa = PBXFileReference; fileEncoding = 4; lastKnownFileType = sourcecode.swift; path = UIView.swift; sourceTree = "<group>"; };
		C66586AD2995A56100FC133D /* UIViewController.swift */ = {isa = PBXFileReference; fileEncoding = 4; lastKnownFileType = sourcecode.swift; path = UIViewController.swift; sourceTree = "<group>"; };
		C66586B42995A59700FC133D /* Assets.xcassets */ = {isa = PBXFileReference; lastKnownFileType = folder.assetcatalog; path = Assets.xcassets; sourceTree = "<group>"; };
		C66586B52995A59800FC133D /* Wallpapers.xcassets */ = {isa = PBXFileReference; lastKnownFileType = folder.assetcatalog; path = Wallpapers.xcassets; sourceTree = "<group>"; };
		C66586B62995A59800FC133D /* TutorialAssets.xcassets */ = {isa = PBXFileReference; lastKnownFileType = folder.assetcatalog; path = TutorialAssets.xcassets; sourceTree = "<group>"; };
		C66586BC2995A61400FC133D /* WallpaperViewController.swift */ = {isa = PBXFileReference; fileEncoding = 4; lastKnownFileType = sourcecode.swift; path = WallpaperViewController.swift; sourceTree = "<group>"; };
		C66586BD2995A61400FC133D /* Wallpaper.storyboard */ = {isa = PBXFileReference; fileEncoding = 4; lastKnownFileType = file.storyboard; path = Wallpaper.storyboard; sourceTree = "<group>"; };
		C66586C12995A66700FC133D /* TutorialViewController.swift */ = {isa = PBXFileReference; fileEncoding = 4; lastKnownFileType = sourcecode.swift; path = TutorialViewController.swift; sourceTree = "<group>"; };
		C66586C62995A6BA00FC133D /* PhotoShowDelegateExt.swift */ = {isa = PBXFileReference; fileEncoding = 4; lastKnownFileType = sourcecode.swift; path = PhotoShowDelegateExt.swift; sourceTree = "<group>"; };
		C66586C72995A6BA00FC133D /* PhotoShow.storyboard */ = {isa = PBXFileReference; fileEncoding = 4; lastKnownFileType = file.storyboard; path = PhotoShow.storyboard; sourceTree = "<group>"; };
		C66586C82995A6BA00FC133D /* PhotoShowController.swift */ = {isa = PBXFileReference; fileEncoding = 4; lastKnownFileType = sourcecode.swift; path = PhotoShowController.swift; sourceTree = "<group>"; };
		C66586C92995A6BB00FC133D /* PhotoPreviewController.swift */ = {isa = PBXFileReference; fileEncoding = 4; lastKnownFileType = sourcecode.swift; path = PhotoPreviewController.swift; sourceTree = "<group>"; };
		C66586D02995A70800FC133D /* PhotoShot.storyboard */ = {isa = PBXFileReference; fileEncoding = 4; lastKnownFileType = file.storyboard; path = PhotoShot.storyboard; sourceTree = "<group>"; };
		C66586D12995A70800FC133D /* PhotoShotDelegateExt.swift */ = {isa = PBXFileReference; fileEncoding = 4; lastKnownFileType = sourcecode.swift; path = PhotoShotDelegateExt.swift; sourceTree = "<group>"; };
		C66586D22995A70900FC133D /* PhotoShotController.swift */ = {isa = PBXFileReference; fileEncoding = 4; lastKnownFileType = sourcecode.swift; path = PhotoShotController.swift; sourceTree = "<group>"; };
/* End PBXFileReference section */

/* Begin PBXFrameworksBuildPhase section */
		C665866029959F6300FC133D /* Frameworks */ = {
			isa = PBXFrameworksBuildPhase;
			buildActionMask = 2147483647;
			files = (
			);
			runOnlyForDeploymentPostprocessing = 0;
		};
		C665867629959F6600FC133D /* Frameworks */ = {
			isa = PBXFrameworksBuildPhase;
			buildActionMask = 2147483647;
			files = (
			);
			runOnlyForDeploymentPostprocessing = 0;
		};
		C665868029959F6600FC133D /* Frameworks */ = {
			isa = PBXFrameworksBuildPhase;
			buildActionMask = 2147483647;
			files = (
			);
			runOnlyForDeploymentPostprocessing = 0;
		};
/* End PBXFrameworksBuildPhase section */

/* Begin PBXGroup section */
		C665865A29959F6300FC133D = {
			isa = PBXGroup;
			children = (
				C665866529959F6300FC133D /* Kidenv */,
				C665867C29959F6600FC133D /* KidenvTests */,
				C665868629959F6600FC133D /* KidenvUITests */,
				C665866429959F6300FC133D /* Products */,
			);
			sourceTree = "<group>";
		};
		C665866429959F6300FC133D /* Products */ = {
			isa = PBXGroup;
			children = (
				C665866329959F6300FC133D /* Kidenv.app */,
				C665867929959F6600FC133D /* KidenvTests.xctest */,
				C665868329959F6600FC133D /* KidenvUITests.xctest */,
			);
			name = Products;
			sourceTree = "<group>";
		};
		C665866529959F6300FC133D /* Kidenv */ = {
			isa = PBXGroup;
			children = (
				C66586B32995A57800FC133D /* Assets */,
				C66586A82995A53800FC133D /* Extensions */,
				C66586A22995A24B00FC133D /* Models */,
				C665869F2995A1FC00FC133D /* Constants */,
				C66586962995A15000FC133D /* Components */,
				C665866629959F6300FC133D /* AppDelegate.swift */,
				C665866829959F6300FC133D /* SceneDelegate.swift */,
				C665866A29959F6300FC133D /* ViewController.swift */,
				C665866C29959F6300FC133D /* Main.storyboard */,
				C665866F29959F6600FC133D /* Assets.xcassets */,
				C665867129959F6600FC133D /* LaunchScreen.storyboard */,
				C665867429959F6600FC133D /* Info.plist */,
			);
			path = Kidenv;
			sourceTree = "<group>";
		};
		C665867C29959F6600FC133D /* KidenvTests */ = {
			isa = PBXGroup;
			children = (
				C665867D29959F6600FC133D /* KidenvTests.swift */,
			);
			path = KidenvTests;
			sourceTree = "<group>";
		};
		C665868629959F6600FC133D /* KidenvUITests */ = {
			isa = PBXGroup;
			children = (
				C665868729959F6600FC133D /* KidenvUITests.swift */,
				C665868929959F6600FC133D /* KidenvUITestsLaunchTests.swift */,
			);
			path = KidenvUITests;
			sourceTree = "<group>";
		};
		C66586962995A15000FC133D /* Components */ = {
			isa = PBXGroup;
			children = (
				C66586CE2995A6DE00FC133D /* PhotoShot */,
				C66586C32995A67C00FC133D /* PhotoShow */,
				C66586C02995A63A00FC133D /* Tutorial */,
				C66586BA2995A5DB00FC133D /* Wallpaper */,
				C66586972995A17400FC133D /* Home */,
			);
			path = Components;
			sourceTree = "<group>";
		};
		C66586972995A17400FC133D /* Home */ = {
			isa = PBXGroup;
			children = (
				C66586A52995A39E00FC133D /* Views */,
				C66586982995A19400FC133D /* Controllers */,
			);
			path = Home;
			sourceTree = "<group>";
		};
		C66586982995A19400FC133D /* Controllers */ = {
			isa = PBXGroup;
			children = (
				C665869A2995A1D000FC133D /* HomeCollectionExt.swift */,
				C66586992995A1D000FC133D /* HomeController.swift */,
				C665869B2995A1D100FC133D /* HomeFunctionsExt.swift */,
			);
			path = Controllers;
			sourceTree = "<group>";
		};
		C665869F2995A1FC00FC133D /* Constants */ = {
			isa = PBXGroup;
			children = (
				C66586A02995A21F00FC133D /* GlobalStrings.swift */,
			);
			path = Constants;
			sourceTree = "<group>";
		};
		C66586A22995A24B00FC133D /* Models */ = {
			isa = PBXGroup;
			children = (
				C66586A32995A26B00FC133D /* AppConfig.swift */,
			);
			path = Models;
			sourceTree = "<group>";
		};
		C66586A52995A39E00FC133D /* Views */ = {
			isa = PBXGroup;
			children = (
				C66586A62995A3C200FC133D /* MenuElementCell.swift */,
			);
			path = Views;
			sourceTree = "<group>";
		};
		C66586A82995A53800FC133D /* Extensions */ = {
			isa = PBXGroup;
			children = (
				C66586A92995A56000FC133D /* UIButton.swift */,
				C66586AA2995A56100FC133D /* UIImage.swift */,
				C66586AB2995A56100FC133D /* UIImageView.swift */,
				C66586AC2995A56100FC133D /* UIView.swift */,
				C66586AD2995A56100FC133D /* UIViewController.swift */,
			);
			path = Extensions;
			sourceTree = "<group>";
		};
		C66586B32995A57800FC133D /* Assets */ = {
			isa = PBXGroup;
			children = (
				C66586B42995A59700FC133D /* Assets.xcassets */,
				C66586B62995A59800FC133D /* TutorialAssets.xcassets */,
				C66586B52995A59800FC133D /* Wallpapers.xcassets */,
			);
			path = Assets;
			sourceTree = "<group>";
		};
		C66586BA2995A5DB00FC133D /* Wallpaper */ = {
			isa = PBXGroup;
			children = (
				C66586BD2995A61400FC133D /* Wallpaper.storyboard */,
				C66586BB2995A5F300FC133D /* Controllers */,
			);
			path = Wallpaper;
			sourceTree = "<group>";
		};
		C66586BB2995A5F300FC133D /* Controllers */ = {
			isa = PBXGroup;
			children = (
				C66586BC2995A61400FC133D /* WallpaperViewController.swift */,
			);
			path = Controllers;
			sourceTree = "<group>";
		};
		C66586C02995A63A00FC133D /* Tutorial */ = {
			isa = PBXGroup;
			children = (
				C66586C12995A66700FC133D /* TutorialViewController.swift */,
			);
			path = Tutorial;
			sourceTree = "<group>";
		};
		C66586C32995A67C00FC133D /* PhotoShow */ = {
			isa = PBXGroup;
			children = (
				C66586C72995A6BA00FC133D /* PhotoShow.storyboard */,
				C66586C42995A68B00FC133D /* Controllers */,
			);
			path = PhotoShow;
			sourceTree = "<group>";
		};
		C66586C42995A68B00FC133D /* Controllers */ = {
			isa = PBXGroup;
			children = (
				C66586C92995A6BB00FC133D /* PhotoPreviewController.swift */,
				C66586C82995A6BA00FC133D /* PhotoShowController.swift */,
				C66586C62995A6BA00FC133D /* PhotoShowDelegateExt.swift */,
			);
			path = Controllers;
			sourceTree = "<group>";
		};
		C66586CE2995A6DE00FC133D /* PhotoShot */ = {
			isa = PBXGroup;
			children = (
				C66586D02995A70800FC133D /* PhotoShot.storyboard */,
				C66586CF2995A6EC00FC133D /* Controllers */,
			);
			path = PhotoShot;
			sourceTree = "<group>";
		};
		C66586CF2995A6EC00FC133D /* Controllers */ = {
			isa = PBXGroup;
			children = (
				C66586D22995A70900FC133D /* PhotoShotController.swift */,
				C66586D12995A70800FC133D /* PhotoShotDelegateExt.swift */,
			);
			path = Controllers;
			sourceTree = "<group>";
		};
/* End PBXGroup section */

/* Begin PBXNativeTarget section */
		C665866229959F6300FC133D /* Kidenv */ = {
			isa = PBXNativeTarget;
			buildConfigurationList = C665868D29959F6600FC133D /* Build configuration list for PBXNativeTarget "Kidenv" */;
			buildPhases = (
				C665865F29959F6300FC133D /* Sources */,
				C665866029959F6300FC133D /* Frameworks */,
				C665866129959F6300FC133D /* Resources */,
			);
			buildRules = (
			);
			dependencies = (
			);
			name = Kidenv;
			productName = Kidenv;
			productReference = C665866329959F6300FC133D /* Kidenv.app */;
			productType = "com.apple.product-type.application";
		};
		C665867829959F6600FC133D /* KidenvTests */ = {
			isa = PBXNativeTarget;
			buildConfigurationList = C665869029959F6600FC133D /* Build configuration list for PBXNativeTarget "KidenvTests" */;
			buildPhases = (
				C665867529959F6600FC133D /* Sources */,
				C665867629959F6600FC133D /* Frameworks */,
				C665867729959F6600FC133D /* Resources */,
			);
			buildRules = (
			);
			dependencies = (
				C665867B29959F6600FC133D /* PBXTargetDependency */,
			);
			name = KidenvTests;
			productName = KidenvTests;
			productReference = C665867929959F6600FC133D /* KidenvTests.xctest */;
			productType = "com.apple.product-type.bundle.unit-test";
		};
		C665868229959F6600FC133D /* KidenvUITests */ = {
			isa = PBXNativeTarget;
			buildConfigurationList = C665869329959F6600FC133D /* Build configuration list for PBXNativeTarget "KidenvUITests" */;
			buildPhases = (
				C665867F29959F6600FC133D /* Sources */,
				C665868029959F6600FC133D /* Frameworks */,
				C665868129959F6600FC133D /* Resources */,
			);
			buildRules = (
			);
			dependencies = (
				C665868529959F6600FC133D /* PBXTargetDependency */,
			);
			name = KidenvUITests;
			productName = KidenvUITests;
			productReference = C665868329959F6600FC133D /* KidenvUITests.xctest */;
			productType = "com.apple.product-type.bundle.ui-testing";
		};
/* End PBXNativeTarget section */

/* Begin PBXProject section */
		C665865B29959F6300FC133D /* Project object */ = {
			isa = PBXProject;
			attributes = {
				BuildIndependentTargetsInParallel = 1;
				LastSwiftUpdateCheck = 1420;
				LastUpgradeCheck = 1420;
				TargetAttributes = {
					C665866229959F6300FC133D = {
						CreatedOnToolsVersion = 14.2;
					};
					C665867829959F6600FC133D = {
						CreatedOnToolsVersion = 14.2;
						TestTargetID = C665866229959F6300FC133D;
					};
					C665868229959F6600FC133D = {
						CreatedOnToolsVersion = 14.2;
						TestTargetID = C665866229959F6300FC133D;
					};
				};
			};
			buildConfigurationList = C665865E29959F6300FC133D /* Build configuration list for PBXProject "Kidenv" */;
			compatibilityVersion = "Xcode 14.0";
			developmentRegion = en;
			hasScannedForEncodings = 0;
			knownRegions = (
				en,
				Base,
			);
			mainGroup = C665865A29959F6300FC133D;
			productRefGroup = C665866429959F6300FC133D /* Products */;
			projectDirPath = "";
			projectRoot = "";
			targets = (
				C665866229959F6300FC133D /* Kidenv */,
				C665867829959F6600FC133D /* KidenvTests */,
				C665868229959F6600FC133D /* KidenvUITests */,
			);
		};
/* End PBXProject section */

/* Begin PBXResourcesBuildPhase section */
		C665866129959F6300FC133D /* Resources */ = {
			isa = PBXResourcesBuildPhase;
			buildActionMask = 2147483647;
			files = (
				C66586BF2995A61400FC133D /* Wallpaper.storyboard in Resources */,
				C66586B92995A59800FC133D /* TutorialAssets.xcassets in Resources */,
				C665867329959F6600FC133D /* LaunchScreen.storyboard in Resources */,
				C665867029959F6600FC133D /* Assets.xcassets in Resources */,
				C66586D32995A70900FC133D /* PhotoShot.storyboard in Resources */,
				C66586B82995A59800FC133D /* Wallpapers.xcassets in Resources */,
				C66586B72995A59800FC133D /* Assets.xcassets in Resources */,
				C66586CB2995A6BB00FC133D /* PhotoShow.storyboard in Resources */,
				C665866E29959F6300FC133D /* Main.storyboard in Resources */,
			);
			runOnlyForDeploymentPostprocessing = 0;
		};
		C665867729959F6600FC133D /* Resources */ = {
			isa = PBXResourcesBuildPhase;
			buildActionMask = 2147483647;
			files = (
			);
			runOnlyForDeploymentPostprocessing = 0;
		};
		C665868129959F6600FC133D /* Resources */ = {
			isa = PBXResourcesBuildPhase;
			buildActionMask = 2147483647;
			files = (
			);
			runOnlyForDeploymentPostprocessing = 0;
		};
/* End PBXResourcesBuildPhase section */

/* Begin PBXSourcesBuildPhase section */
		C665865F29959F6300FC133D /* Sources */ = {
			isa = PBXSourcesBuildPhase;
			buildActionMask = 2147483647;
			files = (
				C66586CD2995A6BB00FC133D /* PhotoPreviewController.swift in Sources */,
				C66586B22995A56100FC133D /* UIViewController.swift in Sources */,
				C66586D52995A70900FC133D /* PhotoShotController.swift in Sources */,
				C66586B12995A56100FC133D /* UIView.swift in Sources */,
				C665869C2995A1D100FC133D /* HomeController.swift in Sources */,
				C66586AF2995A56100FC133D /* UIImage.swift in Sources */,
				C66586A72995A3C200FC133D /* MenuElementCell.swift in Sources */,
				C66586A42995A26B00FC133D /* AppConfig.swift in Sources */,
				C66586B02995A56100FC133D /* UIImageView.swift in Sources */,
				C665866B29959F6300FC133D /* ViewController.swift in Sources */,
				C66586CA2995A6BB00FC133D /* PhotoShowDelegateExt.swift in Sources */,
				C66586A12995A21F00FC133D /* GlobalStrings.swift in Sources */,
				C66586AE2995A56100FC133D /* UIButton.swift in Sources */,
				C66586C22995A66800FC133D /* TutorialViewController.swift in Sources */,
				C66586D42995A70900FC133D /* PhotoShotDelegateExt.swift in Sources */,
				C665866729959F6300FC133D /* AppDelegate.swift in Sources */,
				C665866929959F6300FC133D /* SceneDelegate.swift in Sources */,
				C66586BE2995A61400FC133D /* WallpaperViewController.swift in Sources */,
				C66586CC2995A6BB00FC133D /* PhotoShowController.swift in Sources */,
				C665869E2995A1D100FC133D /* HomeFunctionsExt.swift in Sources */,
				C665869D2995A1D100FC133D /* HomeCollectionExt.swift in Sources */,
			);
			runOnlyForDeploymentPostprocessing = 0;
		};
		C665867529959F6600FC133D /* Sources */ = {
			isa = PBXSourcesBuildPhase;
			buildActionMask = 2147483647;
			files = (
				C665867E29959F6600FC133D /* KidenvTests.swift in Sources */,
			);
			runOnlyForDeploymentPostprocessing = 0;
		};
		C665867F29959F6600FC133D /* Sources */ = {
			isa = PBXSourcesBuildPhase;
			buildActionMask = 2147483647;
			files = (
				C665868829959F6600FC133D /* KidenvUITests.swift in Sources */,
				C665868A29959F6600FC133D /* KidenvUITestsLaunchTests.swift in Sources */,
			);
			runOnlyForDeploymentPostprocessing = 0;
		};
/* End PBXSourcesBuildPhase section */

/* Begin PBXTargetDependency section */
		C665867B29959F6600FC133D /* PBXTargetDependency */ = {
			isa = PBXTargetDependency;
			target = C665866229959F6300FC133D /* Kidenv */;
			targetProxy = C665867A29959F6600FC133D /* PBXContainerItemProxy */;
		};
		C665868529959F6600FC133D /* PBXTargetDependency */ = {
			isa = PBXTargetDependency;
			target = C665866229959F6300FC133D /* Kidenv */;
			targetProxy = C665868429959F6600FC133D /* PBXContainerItemProxy */;
		};
/* End PBXTargetDependency section */

/* Begin PBXVariantGroup section */
		C665866C29959F6300FC133D /* Main.storyboard */ = {
			isa = PBXVariantGroup;
			children = (
				C665866D29959F6300FC133D /* Base */,
			);
			name = Main.storyboard;
			sourceTree = "<group>";
		};
		C665867129959F6600FC133D /* LaunchScreen.storyboard */ = {
			isa = PBXVariantGroup;
			children = (
				C665867229959F6600FC133D /* Base */,
			);
			name = LaunchScreen.storyboard;
			sourceTree = "<group>";
		};
/* End PBXVariantGroup section */

/* Begin XCBuildConfiguration section */
		C665868B29959F6600FC133D /* Debug */ = {
			isa = XCBuildConfiguration;
			buildSettings = {
				ALWAYS_SEARCH_USER_PATHS = NO;
				CLANG_ANALYZER_NONNULL = YES;
				CLANG_ANALYZER_NUMBER_OBJECT_CONVERSION = YES_AGGRESSIVE;
				CLANG_CXX_LANGUAGE_STANDARD = "gnu++20";
				CLANG_ENABLE_MODULES = YES;
				CLANG_ENABLE_OBJC_ARC = YES;
				CLANG_ENABLE_OBJC_WEAK = YES;
				CLANG_WARN_BLOCK_CAPTURE_AUTORELEASING = YES;
				CLANG_WARN_BOOL_CONVERSION = YES;
				CLANG_WARN_COMMA = YES;
				CLANG_WARN_CONSTANT_CONVERSION = YES;
				CLANG_WARN_DEPRECATED_OBJC_IMPLEMENTATIONS = YES;
				CLANG_WARN_DIRECT_OBJC_ISA_USAGE = YES_ERROR;
				CLANG_WARN_DOCUMENTATION_COMMENTS = YES;
				CLANG_WARN_EMPTY_BODY = YES;
				CLANG_WARN_ENUM_CONVERSION = YES;
				CLANG_WARN_INFINITE_RECURSION = YES;
				CLANG_WARN_INT_CONVERSION = YES;
				CLANG_WARN_NON_LITERAL_NULL_CONVERSION = YES;
				CLANG_WARN_OBJC_IMPLICIT_RETAIN_SELF = YES;
				CLANG_WARN_OBJC_LITERAL_CONVERSION = YES;
				CLANG_WARN_OBJC_ROOT_CLASS = YES_ERROR;
				CLANG_WARN_QUOTED_INCLUDE_IN_FRAMEWORK_HEADER = YES;
				CLANG_WARN_RANGE_LOOP_ANALYSIS = YES;
				CLANG_WARN_STRICT_PROTOTYPES = YES;
				CLANG_WARN_SUSPICIOUS_MOVE = YES;
				CLANG_WARN_UNGUARDED_AVAILABILITY = YES_AGGRESSIVE;
				CLANG_WARN_UNREACHABLE_CODE = YES;
				CLANG_WARN__DUPLICATE_METHOD_MATCH = YES;
				COPY_PHASE_STRIP = NO;
				DEBUG_INFORMATION_FORMAT = dwarf;
				ENABLE_STRICT_OBJC_MSGSEND = YES;
				ENABLE_TESTABILITY = YES;
				GCC_C_LANGUAGE_STANDARD = gnu11;
				GCC_DYNAMIC_NO_PIC = NO;
				GCC_NO_COMMON_BLOCKS = YES;
				GCC_OPTIMIZATION_LEVEL = 0;
				GCC_PREPROCESSOR_DEFINITIONS = (
					"DEBUG=1",
					"$(inherited)",
				);
				GCC_WARN_64_TO_32_BIT_CONVERSION = YES;
				GCC_WARN_ABOUT_RETURN_TYPE = YES_ERROR;
				GCC_WARN_UNDECLARED_SELECTOR = YES;
				GCC_WARN_UNINITIALIZED_AUTOS = YES_AGGRESSIVE;
				GCC_WARN_UNUSED_FUNCTION = YES;
				GCC_WARN_UNUSED_VARIABLE = YES;
				IPHONEOS_DEPLOYMENT_TARGET = 16.2;
				MTL_ENABLE_DEBUG_INFO = INCLUDE_SOURCE;
				MTL_FAST_MATH = YES;
				ONLY_ACTIVE_ARCH = YES;
				SDKROOT = iphoneos;
				SWIFT_ACTIVE_COMPILATION_CONDITIONS = DEBUG;
				SWIFT_OPTIMIZATION_LEVEL = "-Onone";
			};
			name = Debug;
		};
		C665868C29959F6600FC133D /* Release */ = {
			isa = XCBuildConfiguration;
			buildSettings = {
				ALWAYS_SEARCH_USER_PATHS = NO;
				CLANG_ANALYZER_NONNULL = YES;
				CLANG_ANALYZER_NUMBER_OBJECT_CONVERSION = YES_AGGRESSIVE;
				CLANG_CXX_LANGUAGE_STANDARD = "gnu++20";
				CLANG_ENABLE_MODULES = YES;
				CLANG_ENABLE_OBJC_ARC = YES;
				CLANG_ENABLE_OBJC_WEAK = YES;
				CLANG_WARN_BLOCK_CAPTURE_AUTORELEASING = YES;
				CLANG_WARN_BOOL_CONVERSION = YES;
				CLANG_WARN_COMMA = YES;
				CLANG_WARN_CONSTANT_CONVERSION = YES;
				CLANG_WARN_DEPRECATED_OBJC_IMPLEMENTATIONS = YES;
				CLANG_WARN_DIRECT_OBJC_ISA_USAGE = YES_ERROR;
				CLANG_WARN_DOCUMENTATION_COMMENTS = YES;
				CLANG_WARN_EMPTY_BODY = YES;
				CLANG_WARN_ENUM_CONVERSION = YES;
				CLANG_WARN_INFINITE_RECURSION = YES;
				CLANG_WARN_INT_CONVERSION = YES;
				CLANG_WARN_NON_LITERAL_NULL_CONVERSION = YES;
				CLANG_WARN_OBJC_IMPLICIT_RETAIN_SELF = YES;
				CLANG_WARN_OBJC_LITERAL_CONVERSION = YES;
				CLANG_WARN_OBJC_ROOT_CLASS = YES_ERROR;
				CLANG_WARN_QUOTED_INCLUDE_IN_FRAMEWORK_HEADER = YES;
				CLANG_WARN_RANGE_LOOP_ANALYSIS = YES;
				CLANG_WARN_STRICT_PROTOTYPES = YES;
				CLANG_WARN_SUSPICIOUS_MOVE = YES;
				CLANG_WARN_UNGUARDED_AVAILABILITY = YES_AGGRESSIVE;
				CLANG_WARN_UNREACHABLE_CODE = YES;
				CLANG_WARN__DUPLICATE_METHOD_MATCH = YES;
				COPY_PHASE_STRIP = NO;
				DEBUG_INFORMATION_FORMAT = "dwarf-with-dsym";
				ENABLE_NS_ASSERTIONS = NO;
				ENABLE_STRICT_OBJC_MSGSEND = YES;
				GCC_C_LANGUAGE_STANDARD = gnu11;
				GCC_NO_COMMON_BLOCKS = YES;
				GCC_WARN_64_TO_32_BIT_CONVERSION = YES;
				GCC_WARN_ABOUT_RETURN_TYPE = YES_ERROR;
				GCC_WARN_UNDECLARED_SELECTOR = YES;
				GCC_WARN_UNINITIALIZED_AUTOS = YES_AGGRESSIVE;
				GCC_WARN_UNUSED_FUNCTION = YES;
				GCC_WARN_UNUSED_VARIABLE = YES;
				IPHONEOS_DEPLOYMENT_TARGET = 16.2;
				MTL_ENABLE_DEBUG_INFO = NO;
				MTL_FAST_MATH = YES;
				SDKROOT = iphoneos;
				SWIFT_COMPILATION_MODE = wholemodule;
				SWIFT_OPTIMIZATION_LEVEL = "-O";
				VALIDATE_PRODUCT = YES;
			};
			name = Release;
		};
		C665868E29959F6600FC133D /* Debug */ = {
			isa = XCBuildConfiguration;
			buildSettings = {
				ASSETCATALOG_COMPILER_APPICON_NAME = AppIcon;
				ASSETCATALOG_COMPILER_GLOBAL_ACCENT_COLOR_NAME = AccentColor;
				ASSETCATALOG_COMPILER_INCLUDE_ALL_APPICON_ASSETS = YES;
				CODE_SIGN_STYLE = Automatic;
				CURRENT_PROJECT_VERSION = 1;
				DEVELOPMENT_TEAM = 48G34LX7UB;
				GENERATE_INFOPLIST_FILE = YES;
				INFOPLIST_FILE = Kidenv/Info.plist;
				INFOPLIST_KEY_CFBundleDisplayName = Kidenv;
				INFOPLIST_KEY_LSApplicationCategoryType = "public.app-category.education";
				INFOPLIST_KEY_NSAppleMusicUsageDescription = "The app gives the kid, with \"read-only\" permission level, show and navigate over the photos and videos.";
				INFOPLIST_KEY_NSCameraUsageDescription = "The app lets the kid take photos and videos.";
				INFOPLIST_KEY_NSFaceIDUsageDescription = "The app provides Face ID as authentication option on Guide Access function.";
				INFOPLIST_KEY_UIApplicationSupportsIndirectInputEvents = YES;
				INFOPLIST_KEY_UILaunchStoryboardName = LaunchScreen.storyboard;
				INFOPLIST_KEY_UIMainStoryboardFile = Main;
				INFOPLIST_KEY_UISupportedInterfaceOrientations = UIInterfaceOrientationPortrait;
				LD_RUNPATH_SEARCH_PATHS = (
					"$(inherited)",
					"@executable_path/Frameworks",
				);
				MARKETING_VERSION = 1.0;
				PRODUCT_BUNDLE_IDENTIFIER = com.bocanasa.Kidenv;
				PRODUCT_NAME = "$(TARGET_NAME)";
				SWIFT_EMIT_LOC_STRINGS = YES;
				SWIFT_VERSION = 5.0;
				TARGETED_DEVICE_FAMILY = "1,2";
			};
			name = Debug;
		};
		C665868F29959F6600FC133D /* Release */ = {
			isa = XCBuildConfiguration;
			buildSettings = {
				ASSETCATALOG_COMPILER_APPICON_NAME = AppIcon;
				ASSETCATALOG_COMPILER_GLOBAL_ACCENT_COLOR_NAME = AccentColor;
				ASSETCATALOG_COMPILER_INCLUDE_ALL_APPICON_ASSETS = YES;
				CODE_SIGN_STYLE = Automatic;
				CURRENT_PROJECT_VERSION = 1;
				DEVELOPMENT_TEAM = 48G34LX7UB;
				GENERATE_INFOPLIST_FILE = YES;
				INFOPLIST_FILE = Kidenv/Info.plist;
				INFOPLIST_KEY_CFBundleDisplayName = Kidenv;
				INFOPLIST_KEY_LSApplicationCategoryType = "public.app-category.education";
				INFOPLIST_KEY_NSAppleMusicUsageDescription = "The app gives the kid, with \"read-only\" permission level, show and navigate over the photos and videos.";
				INFOPLIST_KEY_NSCameraUsageDescription = "The app lets the kid take photos and videos.";
				INFOPLIST_KEY_NSFaceIDUsageDescription = "The app provides Face ID as authentication option on Guide Access function.";
				INFOPLIST_KEY_UIApplicationSupportsIndirectInputEvents = YES;
				INFOPLIST_KEY_UILaunchStoryboardName = LaunchScreen.storyboard;
				INFOPLIST_KEY_UIMainStoryboardFile = Main;
				INFOPLIST_KEY_UISupportedInterfaceOrientations = UIInterfaceOrientationPortrait;
				LD_RUNPATH_SEARCH_PATHS = (
					"$(inherited)",
					"@executable_path/Frameworks",
				);
				MARKETING_VERSION = 1.0;
				PRODUCT_BUNDLE_IDENTIFIER = com.bocanasa.Kidenv;
				PRODUCT_NAME = "$(TARGET_NAME)";
				SWIFT_EMIT_LOC_STRINGS = YES;
				SWIFT_VERSION = 5.0;
				TARGETED_DEVICE_FAMILY = "1,2";
			};
			name = Release;
		};
		C665869129959F6600FC133D /* Debug */ = {
			isa = XCBuildConfiguration;
			buildSettings = {
				ALWAYS_EMBED_SWIFT_STANDARD_LIBRARIES = YES;
				BUNDLE_LOADER = "$(TEST_HOST)";
				CODE_SIGN_STYLE = Automatic;
				CURRENT_PROJECT_VERSION = 1;
				DEVELOPMENT_TEAM = 48G34LX7UB;
				GENERATE_INFOPLIST_FILE = YES;
				IPHONEOS_DEPLOYMENT_TARGET = 16.2;
				MARKETING_VERSION = 1.0;
				PRODUCT_BUNDLE_IDENTIFIER = com.bocanasa.KidenvTests;
				PRODUCT_NAME = "$(TARGET_NAME)";
				SWIFT_EMIT_LOC_STRINGS = NO;
				SWIFT_VERSION = 5.0;
				TARGETED_DEVICE_FAMILY = "1,2";
				TEST_HOST = "$(BUILT_PRODUCTS_DIR)/Kidenv.app/$(BUNDLE_EXECUTABLE_FOLDER_PATH)/Kidenv";
			};
			name = Debug;
		};
		C665869229959F6600FC133D /* Release */ = {
			isa = XCBuildConfiguration;
			buildSettings = {
				ALWAYS_EMBED_SWIFT_STANDARD_LIBRARIES = YES;
				BUNDLE_LOADER = "$(TEST_HOST)";
				CODE_SIGN_STYLE = Automatic;
				CURRENT_PROJECT_VERSION = 1;
				DEVELOPMENT_TEAM = 48G34LX7UB;
				GENERATE_INFOPLIST_FILE = YES;
				IPHONEOS_DEPLOYMENT_TARGET = 16.2;
				MARKETING_VERSION = 1.0;
				PRODUCT_BUNDLE_IDENTIFIER = com.bocanasa.KidenvTests;
				PRODUCT_NAME = "$(TARGET_NAME)";
				SWIFT_EMIT_LOC_STRINGS = NO;
				SWIFT_VERSION = 5.0;
				TARGETED_DEVICE_FAMILY = "1,2";
				TEST_HOST = "$(BUILT_PRODUCTS_DIR)/Kidenv.app/$(BUNDLE_EXECUTABLE_FOLDER_PATH)/Kidenv";
			};
			name = Release;
		};
		C665869429959F6600FC133D /* Debug */ = {
			isa = XCBuildConfiguration;
			buildSettings = {
				ALWAYS_EMBED_SWIFT_STANDARD_LIBRARIES = YES;
				CODE_SIGN_STYLE = Automatic;
				CURRENT_PROJECT_VERSION = 1;
				DEVELOPMENT_TEAM = 48G34LX7UB;
				GENERATE_INFOPLIST_FILE = YES;
				MARKETING_VERSION = 1.0;
				PRODUCT_BUNDLE_IDENTIFIER = com.bocanasa.KidenvUITests;
				PRODUCT_NAME = "$(TARGET_NAME)";
				SWIFT_EMIT_LOC_STRINGS = NO;
				SWIFT_VERSION = 5.0;
				TARGETED_DEVICE_FAMILY = "1,2";
				TEST_TARGET_NAME = Kidenv;
			};
			name = Debug;
		};
		C665869529959F6600FC133D /* Release */ = {
			isa = XCBuildConfiguration;
			buildSettings = {
				ALWAYS_EMBED_SWIFT_STANDARD_LIBRARIES = YES;
				CODE_SIGN_STYLE = Automatic;
				CURRENT_PROJECT_VERSION = 1;
				DEVELOPMENT_TEAM = 48G34LX7UB;
				GENERATE_INFOPLIST_FILE = YES;
				MARKETING_VERSION = 1.0;
				PRODUCT_BUNDLE_IDENTIFIER = com.bocanasa.KidenvUITests;
				PRODUCT_NAME = "$(TARGET_NAME)";
				SWIFT_EMIT_LOC_STRINGS = NO;
				SWIFT_VERSION = 5.0;
				TARGETED_DEVICE_FAMILY = "1,2";
				TEST_TARGET_NAME = Kidenv;
			};
			name = Release;
		};
/* End XCBuildConfiguration section */

/* Begin XCConfigurationList section */
		C665865E29959F6300FC133D /* Build configuration list for PBXProject "Kidenv" */ = {
			isa = XCConfigurationList;
			buildConfigurations = (
				C665868B29959F6600FC133D /* Debug */,
				C665868C29959F6600FC133D /* Release */,
			);
			defaultConfigurationIsVisible = 0;
			defaultConfigurationName = Release;
		};
		C665868D29959F6600FC133D /* Build configuration list for PBXNativeTarget "Kidenv" */ = {
			isa = XCConfigurationList;
			buildConfigurations = (
				C665868E29959F6600FC133D /* Debug */,
				C665868F29959F6600FC133D /* Release */,
			);
			defaultConfigurationIsVisible = 0;
			defaultConfigurationName = Release;
		};
		C665869029959F6600FC133D /* Build configuration list for PBXNativeTarget "KidenvTests" */ = {
			isa = XCConfigurationList;
			buildConfigurations = (
				C665869129959F6600FC133D /* Debug */,
				C665869229959F6600FC133D /* Release */,
			);
			defaultConfigurationIsVisible = 0;
			defaultConfigurationName = Release;
		};
		C665869329959F6600FC133D /* Build configuration list for PBXNativeTarget "KidenvUITests" */ = {
			isa = XCConfigurationList;
			buildConfigurations = (
				C665869429959F6600FC133D /* Debug */,
				C665869529959F6600FC133D /* Release */,
			);
			defaultConfigurationIsVisible = 0;
			defaultConfigurationName = Release;
		};
/* End XCConfigurationList section */
	};
	rootObject = C665865B29959F6300FC133D /* Project object */;
}
